
Microsoft Visual Studio Solution File, Format Version 12.00
# Visual Studio Version 17
VisualStudioVersion = 17.9.34728.123
MinimumVisualStudioVersion = 10.0.40219.1
Project("{FAE04EC0-301F-11D3-BF4B-00C04F79EFBC}") = "CatalogService", "CatalogService\CatalogService.csproj", "{326277DD-68AE-4DFD-9AE8-9BFFE198EEE0}"
EndProject
Project("{FAE04EC0-301F-11D3-BF4B-00C04F79EFBC}") = "OrderService", "OrderService\OrderService.csproj", "{E622FD57-90D9-4F0E-877E-41DB27D3FCAE}"
EndProject
Project("{FAE04EC0-301F-11D3-BF4B-00C04F79EFBC}") = "APIGateway", "APIGateway\APIGateway.csproj", "{1E8BE7D6-A6C4-4CBF-B6A6-ED6376BA40D1}"
EndProject
Project("{E53339B2-1760-4266-BCC7-CA923CBCF16C}") = "docker-compose", "docker-compose.dcproj", "{9020971D-C261-4C62-A1E5-7F0434164758}"
EndProject
Global
	GlobalSection(SolutionConfigurationPlatforms) = preSolution
		Debug|Any CPU = Debug|Any CPU
		Release|Any CPU = Release|Any CPU
	EndGlobalSection
	GlobalSection(ProjectConfigurationPlatforms) = postSolution
		{326277DD-68AE-4DFD-9AE8-9BFFE198EEE0}.Debug|Any CPU.ActiveCfg = Debug|Any CPU
		{326277DD-68AE-4DFD-9AE8-9BFFE198EEE0}.Debug|Any CPU.Build.0 = Debug|Any CPU
		{326277DD-68AE-4DFD-9AE8-9BFFE198EEE0}.Release|Any CPU.ActiveCfg = Release|Any CPU
		{326277DD-68AE-4DFD-9AE8-9BFFE198EEE0}.Release|Any CPU.Build.0 = Release|Any CPU
		{E622FD57-90D9-4F0E-877E-41DB27D3FCAE}.Debug|Any CPU.ActiveCfg = Debug|Any CPU
		{E622FD57-90D9-4F0E-877E-41DB27D3FCAE}.Debug|Any CPU.Build.0 = Debug|Any CPU
		{E622FD57-90D9-4F0E-877E-41DB27D3FCAE}.Release|Any CPU.ActiveCfg = Release|Any CPU
		{E622FD57-90D9-4F0E-877E-41DB27D3FCAE}.Release|Any CPU.Build.0 = Release|Any CPU
		{1E8BE7D6-A6C4-4CBF-B6A6-ED6376BA40D1}.Debug|Any CPU.ActiveCfg = Debug|Any CPU
		{1E8BE7D6-A6C4-4CBF-B6A6-ED6376BA40D1}.Debug|Any CPU.Build.0 = Debug|Any CPU
		{1E8BE7D6-A6C4-4CBF-B6A6-ED6376BA40D1}.Release|Any CPU.ActiveCfg = Release|Any CPU
		{1E8BE7D6-A6C4-4CBF-B6A6-ED6376BA40D1}.Release|Any CPU.Build.0 = Release|Any CPU
		{9020971D-C261-4C62-A1E5-7F0434164758}.Debug|Any CPU.ActiveCfg = Debug|Any CPU
		{9020971D-C261-4C62-A1E5-7F0434164758}.Debug|Any CPU.Build.0 = Debug|Any CPU
		{9020971D-C261-4C62-A1E5-7F0434164758}.Release|Any CPU.ActiveCfg = Release|Any CPU
		{9020971D-C261-4C62-A1E5-7F0434164758}.Release|Any CPU.Build.0 = Release|Any CPU
	EndGlobalSection
	GlobalSection(SolutionProperties) = preSolution
		HideSolutionNode = FALSE
	EndGlobalSection
	GlobalSection(ExtensibilityGlobals) = postSolution
		SolutionGuid = {103DF66F-5805-4017-83F8-2CF8F8F672F3}
	EndGlobalSection
EndGlobal
